// !$*UTF8*$!
{
	archiveVersion = 1;
	classes = {
	};
	objectVersion = 54;
	objects = {

/* Begin PBXBuildFile section */
		13B07FBF1A68108700A75B9A /* Images.xcassets in Resources */ = {isa = PBXBuildFile; fileRef = 13B07FB51A68108700A75B9A /* Images.xcassets */; };
		5B76FF05E208434195FA7918 /* Inter-SemiBold.ttf in Resources */ = {isa = PBXBuildFile; fileRef = CB17F5AB88324B4D9C0E2215 /* Inter-SemiBold.ttf */; };
		60A85BFB18134E24AD778BC6 /* Inter-Bold.ttf in Resources */ = {isa = PBXBuildFile; fileRef = A33565A2A5E04F02B2D8C759 /* Inter-Bold.ttf */; };
		761780ED2CA45674006654EE /* AppDelegate.swift in Sources */ = {isa = PBXBuildFile; fileRef = 761780EC2CA45674006654EE /* AppDelegate.swift */; };
		81AB9BB82411601600AC10FF /* LaunchScreen.storyboard in Resources */ = {isa = PBXBuildFile; fileRef = 81AB9BB72411601600AC10FF /* LaunchScreen.storyboard */; };
		A1B2C3D491A680F5B00A75B9A /* DeviceActivityMonitorExtension.swift in Sources */ = {isa = PBXBuildFile; fileRef = A1B2C3D481A680F5B00A75B9A /* DeviceActivityMonitorExtension.swift */; };
		A1B2C3D4C1A680F5B00A75B9A /* KeeptAppGroup.swift in Sources */ = {isa = PBXBuildFile; fileRef = A1B2C3D4B1A680F5B00A75B9A /* KeeptAppGroup.swift */; };
		A1B2C3D4D1A680F5B00A75B9A /* KeeptAppGroup.swift in Sources */ = {isa = PBXBuildFile; fileRef = A1B2C3D4B1A680F5B00A75B9A /* KeeptAppGroup.swift */; };
		A1B2C3D4F1A680F5B00A75B9A /* IosTrackingSnapshot.swift in Sources */ = {isa = PBXBuildFile; fileRef = A1B2C3D4E1A680F5B00A75B9A /* IosTrackingSnapshot.swift */; };
		A1B2C3D501A680F5B00A75B9A /* IosTrackingSnapshot.swift in Sources */ = {isa = PBXBuildFile; fileRef = A1B2C3D4E1A680F5B00A75B9A /* IosTrackingSnapshot.swift */; };
		A1B2C3D541A680F5B00A75B9A /* KeeptMonitor.appex in Embed Foundation Extensions */ = {isa = PBXBuildFile; fileRef = A1B2C3D401A680F5B00A75B9A /* KeeptMonitor.appex */; settings = {ATTRIBUTES = (RemoveHeadersOnCopy, ); }; };
		A1B2C3D5C1A680F5B00A75B9A /* DeviceActivity.framework in Frameworks */ = {isa = PBXBuildFile; fileRef = A1B2C3D591A680F5B00A75B9A /* DeviceActivity.framework */; };
		A1B2C3D5D1A680F5B00A75B9A /* FamilyControls.framework in Frameworks */ = {isa = PBXBuildFile; fileRef = A1B2C3D5A1A680F5B00A75B9A /* FamilyControls.framework */; };
		A1B2C3D5E1A680F5B00A75B9A /* ManagedSettings.framework in Frameworks */ = {isa = PBXBuildFile; fileRef = A1B2C3D5B1A680F5B00A75B9A /* ManagedSettings.framework */; };
		B1C2D3E421A680F5B00A75B9A /* KeeptScreenTimeAuthorization.swift in Sources */ = {isa = PBXBuildFile; fileRef = B1C2D3E431A680F5B00A75B9A /* KeeptScreenTimeAuthorization.swift */; };
		B1C2D3E461A680F5B00A75B9A /* SelectedAppsPayloadBuilder.swift in Sources */ = {isa = PBXBuildFile; fileRef = B1C2D3E471A680F5B00A75B9A /* SelectedAppsPayloadBuilder.swift */; };
		B1C2D3E481A680F5B00A75B9A /* KeeptFamilyActivityPickerPresenter.swift in Sources */ = {isa = PBXBuildFile; fileRef = B1C2D3E491A680F5B00A75B9A /* KeeptFamilyActivityPickerPresenter.swift */; };
		B1C2D3E4A1A680F5B00A75B9A /* KeeptNotificationAuthorization.swift in Sources */ = {isa = PBXBuildFile; fileRef = B1C2D3E4B1A680F5B00A75B9A /* KeeptNotificationAuthorization.swift */; };
		B1C2D3E4C1A680F5B00A75B9A /* KeeptScreenTimeBridge.swift in Sources */ = {isa = PBXBuildFile; fileRef = B1C2D3E4D1A680F5B00A75B9A /* KeeptScreenTimeBridge.swift */; };
		B1C2D3E4E1A680F5B00A75B9A /* FamilyControls.framework in Frameworks */ = {isa = PBXBuildFile; fileRef = A1B2C3D5A1A680F5B00A75B9A /* FamilyControls.framework */; };
		B1C2D3E4F1A680F5B00A75B9A /* ManagedSettings.framework in Frameworks */ = {isa = PBXBuildFile; fileRef = A1B2C3D5B1A680F5B00A75B9A /* ManagedSettings.framework */; };
		C06BF5039C2B0F4E536DAB6F /* Pods_FocusGuard.framework in Frameworks */ = {isa = PBXBuildFile; fileRef = FF2E9EA7245C7B8B24C0CD06 /* Pods_FocusGuard.framework */; };
		C2D3E5021A680F5B00A75B9A /* KeeptMonitoringNames.swift in Sources */ = {isa = PBXBuildFile; fileRef = C2D3E5011A680F5B00A75B9A /* KeeptMonitoringNames.swift */; };
		C2D3E5121A680F5B00A75B9A /* IosTokenCatalog.swift in Sources */ = {isa = PBXBuildFile; fileRef = C2D3E5111A680F5B00A75B9A /* IosTokenCatalog.swift */; };
		C2D3E5221A680F5B00A75B9A /* IosFamilyActivitySelectionStore.swift in Sources */ = {isa = PBXBuildFile; fileRef = C2D3E5211A680F5B00A75B9A /* IosFamilyActivitySelectionStore.swift */; };
		C2D3E5321A680F5B00A75B9A /* KeeptMonitoringStateStore.swift in Sources */ = {isa = PBXBuildFile; fileRef = C2D3E5311A680F5B00A75B9A /* KeeptMonitoringStateStore.swift */; };
		C2D3E5421A680F5B00A75B9A /* IosTrackingSnoozeStore.swift in Sources */ = {isa = PBXBuildFile; fileRef = C2D3E5411A680F5B00A75B9A /* IosTrackingSnoozeStore.swift */; };
		C2D3E5521A680F5B00A75B9A /* IosDailyWarningStore.swift in Sources */ = {isa = PBXBuildFile; fileRef = C2D3E5511A680F5B00A75B9A /* IosDailyWarningStore.swift */; };
		C2D3E5621A680F5B00A75B9A /* IosShieldStore.swift in Sources */ = {isa = PBXBuildFile; fileRef = C2D3E5611A680F5B00A75B9A /* IosShieldStore.swift */; };
		C2D3E5721A680F5B00A75B9A /* KeeptMonitoringScheduler.swift in Sources */ = {isa = PBXBuildFile; fileRef = C2D3E5711A680F5B00A75B9A /* KeeptMonitoringScheduler.swift */; };
		C2D3E5821A680F5B00A75B9A /* KeeptMonitorActions.swift in Sources */ = {isa = PBXBuildFile; fileRef = C2D3E5811A680F5B00A75B9A /* KeeptMonitorActions.swift */; };
		C2D3E5921A680F5B00A75B9A /* DeviceActivity.framework in Frameworks */ = {isa = PBXBuildFile; fileRef = A1B2C3D591A680F5B00A75B9A /* DeviceActivity.framework */; };
		C2D3E5A21A680F5B00A75B9A /* KeeptMonitoringNames.swift in Sources */ = {isa = PBXBuildFile; fileRef = C2D3E5011A680F5B00A75B9A /* KeeptMonitoringNames.swift */; };
		C2D3E5B21A680F5B00A75B9A /* IosTokenCatalog.swift in Sources */ = {isa = PBXBuildFile; fileRef = C2D3E5111A680F5B00A75B9A /* IosTokenCatalog.swift */; };
		C2D3E5C21A680F5B00A75B9A /* IosFamilyActivitySelectionStore.swift in Sources */ = {isa = PBXBuildFile; fileRef = C2D3E5211A680F5B00A75B9A /* IosFamilyActivitySelectionStore.swift */; };
		C2D3E5D21A680F5B00A75B9A /* KeeptMonitoringStateStore.swift in Sources */ = {isa = PBXBuildFile; fileRef = C2D3E5311A680F5B00A75B9A /* KeeptMonitoringStateStore.swift */; };
		C2D3E5E21A680F5B00A75B9A /* IosTrackingSnoozeStore.swift in Sources */ = {isa = PBXBuildFile; fileRef = C2D3E5411A680F5B00A75B9A /* IosTrackingSnoozeStore.swift */; };
		C2D3E5F21A680F5B00A75B9A /* IosDailyWarningStore.swift in Sources */ = {isa = PBXBuildFile; fileRef = C2D3E5511A680F5B00A75B9A /* IosDailyWarningStore.swift */; };
		C2D3E6021A680F5B00A75B9A /* IosShieldStore.swift in Sources */ = {isa = PBXBuildFile; fileRef = C2D3E5611A680F5B00A75B9A /* IosShieldStore.swift */; };
		C2D3E6121A680F5B00A75B9A /* KeeptMonitoringScheduler.swift in Sources */ = {isa = PBXBuildFile; fileRef = C2D3E5711A680F5B00A75B9A /* KeeptMonitoringScheduler.swift */; };
		C2D3E6221A680F5B00A75B9A /* KeeptMonitorActions.swift in Sources */ = {isa = PBXBuildFile; fileRef = C2D3E5811A680F5B00A75B9A /* KeeptMonitorActions.swift */; };
		C89960D5814A437FA4D5E865 /* Inter-Regular.ttf in Resources */ = {isa = PBXBuildFile; fileRef = 4FF812CD12A24C7C9F6AC828 /* Inter-Regular.ttf */; };
		D170490DEF45D6F0125B19E7 /* PrivacyInfo.xcprivacy in Resources */ = {isa = PBXBuildFile; fileRef = 13B07FB81A68108700A75B9A /* PrivacyInfo.xcprivacy */; };
		D2E3F5411A680F5B00A75B9A /* IosDailyUsageStore.swift in Sources */ = {isa = PBXBuildFile; fileRef = D2E3F5011A680F5B00A75B9A /* IosDailyUsageStore.swift */; };
		D2E3F5511A680F5B00A75B9A /* KeeptUsageReader.swift in Sources */ = {isa = PBXBuildFile; fileRef = D2E3F5111A680F5B00A75B9A /* KeeptUsageReader.swift */; };
		D2E3F5611A680F5B00A75B9A /* KeeptUsageReportContext.swift in Sources */ = {isa = PBXBuildFile; fileRef = D2E3F5211A680F5B00A75B9A /* KeeptUsageReportContext.swift */; };
		D2E3F5711A680F5B00A75B9A /* KeeptUsageReportCollector.swift in Sources */ = {isa = PBXBuildFile; fileRef = D2E3F5311A680F5B00A75B9A /* KeeptUsageReportCollector.swift */; };
		D2E3F5811A680F5B00A75B9A /* IosDailyUsageStore.swift in Sources */ = {isa = PBXBuildFile; fileRef = D2E3F5011A680F5B00A75B9A /* IosDailyUsageStore.swift */; };
		D2E3F5911A680F5B00A75B9A /* KeeptReportExtension.swift in Sources */ = {isa = PBXBuildFile; fileRef = D2E3F4811A680F5B00A75B9A /* KeeptReportExtension.swift */; };
		D2E3F5A11A680F5B00A75B9A /* TrackedAppsReport.swift in Sources */ = {isa = PBXBuildFile; fileRef = D2E3F4911A680F5B00A75B9A /* TrackedAppsReport.swift */; };
		D2E3F5B11A680F5B00A75B9A /* TrackedAppsReportView.swift in Sources */ = {isa = PBXBuildFile; fileRef = D2E3F4A11A680F5B00A75B9A /* TrackedAppsReportView.swift */; };
		D2E3F5C11A680F5B00A75B9A /* IosDailyUsageStore.swift in Sources */ = {isa = PBXBuildFile; fileRef = D2E3F5011A680F5B00A75B9A /* IosDailyUsageStore.swift */; };
		D2E3F5D11A680F5B00A75B9A /* KeeptUsageReportContext.swift in Sources */ = {isa = PBXBuildFile; fileRef = D2E3F5211A680F5B00A75B9A /* KeeptUsageReportContext.swift */; };
		D2E3F5E11A680F5B00A75B9A /* IosTokenCatalog.swift in Sources */ = {isa = PBXBuildFile; fileRef = C2D3E5111A680F5B00A75B9A /* IosTokenCatalog.swift */; };
		D2E3F5F11A680F5B00A75B9A /* IosFamilyActivitySelectionStore.swift in Sources */ = {isa = PBXBuildFile; fileRef = C2D3E5211A680F5B00A75B9A /* IosFamilyActivitySelectionStore.swift */; };
		D2E3F6011A680F5B00A75B9A /* KeeptAppGroup.swift in Sources */ = {isa = PBXBuildFile; fileRef = A1B2C3D4B1A680F5B00A75B9A /* KeeptAppGroup.swift */; };
		D2E3F6111A680F5B00A75B9A /* DeviceActivity.framework in Frameworks */ = {isa = PBXBuildFile; fileRef = A1B2C3D591A680F5B00A75B9A /* DeviceActivity.framework */; };
		D2E3F6211A680F5B00A75B9A /* FamilyControls.framework in Frameworks */ = {isa = PBXBuildFile; fileRef = A1B2C3D5A1A680F5B00A75B9A /* FamilyControls.framework */; };
		D2E3F6311A680F5B00A75B9A /* KeeptReport.appex in Embed Foundation Extensions */ = {isa = PBXBuildFile; fileRef = D2E3F4011A680F5B00A75B9A /* KeeptReport.appex */; settings = {ATTRIBUTES = (RemoveHeadersOnCopy, ); }; };
		E7CDC4C2890D475FA557F479 /* Inter-Medium.ttf in Resources */ = {isa = PBXBuildFile; fileRef = 48B53B5AA62C4F62ADACAE00 /* Inter-Medium.ttf */; };
		F1A2B3C42CA45674006654EE /* RCTNativeUsageStats.mm in Sources */ = {isa = PBXBuildFile; fileRef = F1A2B3C32CA45674006654EE /* RCTNativeUsageStats.mm */; };
		F1R3B4S5E7A68108700A75B9A /* GoogleService-Info.plist in Resources */ = {isa = PBXBuildFile; fileRef = F1R3B4S5E6A68108700A75B9A /* GoogleService-Info.plist */; };
		K1E2T3U41CA45674006654EE /* RCTKeeptUiTheme.mm in Sources */ = {isa = PBXBuildFile; fileRef = K1E2T3U31CA45674006654EE /* RCTKeeptUiTheme.mm */; };
/* End PBXBuildFile section */

/* Begin PBXContainerItemProxy section */
		A1B2C3D561A680F5B00A75B9A /* PBXContainerItemProxy */ = {
			isa = PBXContainerItemProxy;
			containerPortal = 83CBB9F71A601CBA00E9B192 /* Project object */;
			proxyType = 1;
			remoteGlobalIDString = A1B2C3D411A680F5B00A75B9A;
			remoteInfo = KeeptMonitor;
		};
		D2E3F4E11A680F5B00A75B9A /* PBXContainerItemProxy */ = {
			isa = PBXContainerItemProxy;
			containerPortal = 83CBB9F71A601CBA00E9B192 /* Project object */;
			proxyType = 1;
			remoteGlobalIDString = D2E3F4111A680F5B00A75B9A;
			remoteInfo = KeeptReport;
		};
/* End PBXContainerItemProxy section */

/* Begin PBXCopyFilesBuildPhase section */
		A1B2C3D531A680F5B00A75B9A /* Embed Foundation Extensions */ = {
			isa = PBXCopyFilesBuildPhase;
			buildActionMask = 2147483647;
			dstPath = "";
			dstSubfolderSpec = 13;
			files = (
				A1B2C3D541A680F5B00A75B9A /* KeeptMonitor.appex in Embed Foundation Extensions */,
				D2E3F6311A680F5B00A75B9A /* KeeptReport.appex in Embed Foundation Extensions */,
			);
			name = "Embed Foundation Extensions";
			runOnlyForDeploymentPostprocessing = 0;
		};
/* End PBXCopyFilesBuildPhase section */

/* Begin PBXFileReference section */
		13B07F961A680F5B00A75B9A /* FocusGuard.app */ = {isa = PBXFileReference; explicitFileType = wrapper.application; includeInIndex = 0; path = FocusGuard.app; sourceTree = BUILT_PRODUCTS_DIR; };
		13B07FB51A68108700A75B9A /* Images.xcassets */ = {isa = PBXFileReference; lastKnownFileType = folder.assetcatalog; name = Images.xcassets; path = FocusGuard/Images.xcassets; sourceTree = "<group>"; };
		13B07FB61A68108700A75B9A /* Info.plist */ = {isa = PBXFileReference; fileEncoding = 4; lastKnownFileType = text.plist.xml; name = Info.plist; path = FocusGuard/Info.plist; sourceTree = "<group>"; };
		13B07FB81A68108700A75B9A /* PrivacyInfo.xcprivacy */ = {isa = PBXFileReference; fileEncoding = 4; lastKnownFileType = text.plist.xml; name = PrivacyInfo.xcprivacy; path = FocusGuard/PrivacyInfo.xcprivacy; sourceTree = "<group>"; };
		3B4392A12AC88292D35C810B /* Pods-FocusGuard.debug.xcconfig */ = {isa = PBXFileReference; includeInIndex = 1; lastKnownFileType = text.xcconfig; name = "Pods-FocusGuard.debug.xcconfig"; path = "Target Support Files/Pods-FocusGuard/Pods-FocusGuard.debug.xcconfig"; sourceTree = "<group>"; };
		48B53B5AA62C4F62ADACAE00 /* Inter-Medium.ttf */ = {isa = PBXFileReference; explicitFileType = undefined; fileEncoding = 9; includeInIndex = 0; lastKnownFileType = unknown; name = "Inter-Medium.ttf"; path = "../source/assets/fonts/Inter-Medium.ttf"; sourceTree = "<group>"; };
		4FF812CD12A24C7C9F6AC828 /* Inter-Regular.ttf */ = {isa = PBXFileReference; explicitFileType = undefined; fileEncoding = 9; includeInIndex = 0; lastKnownFileType = unknown; name = "Inter-Regular.ttf"; path = "../source/assets/fonts/Inter-Regular.ttf"; sourceTree = "<group>"; };
		5709B34CF0A7D63546082F79 /* Pods-FocusGuard.release.xcconfig */ = {isa = PBXFileReference; includeInIndex = 1; lastKnownFileType = text.xcconfig; name = "Pods-FocusGuard.release.xcconfig"; path = "Target Support Files/Pods-FocusGuard/Pods-FocusGuard.release.xcconfig"; sourceTree = "<group>"; };
		761780EC2CA45674006654EE /* AppDelegate.swift */ = {isa = PBXFileReference; lastKnownFileType = sourcecode.swift; name = AppDelegate.swift; path = FocusGuard/AppDelegate.swift; sourceTree = "<group>"; };
		81AB9BB72411601600AC10FF /* LaunchScreen.storyboard */ = {isa = PBXFileReference; fileEncoding = 4; lastKnownFileType = file.storyboard; name = LaunchScreen.storyboard; path = FocusGuard/LaunchScreen.storyboard; sourceTree = "<group>"; };
		A1B2C3D401A680F5B00A75B9A /* KeeptMonitor.appex */ = {isa = PBXFileReference; explicitFileType = "wrapper.app-extension"; includeInIndex = 0; path = KeeptMonitor.appex; sourceTree = BUILT_PRODUCTS_DIR; };
		A1B2C3D481A680F5B00A75B9A /* DeviceActivityMonitorExtension.swift */ = {isa = PBXFileReference; lastKnownFileType = sourcecode.swift; path = DeviceActivityMonitorExtension.swift; sourceTree = "<group>"; };
		A1B2C3D4A1A680F5B00A75B9A /* Info.plist */ = {isa = PBXFileReference; lastKnownFileType = text.plist.xml; path = Info.plist; sourceTree = "<group>"; };
		A1B2C3D4B1A680F5B00A75B9A /* KeeptAppGroup.swift */ = {isa = PBXFileReference; lastKnownFileType = sourcecode.swift; path = KeeptAppGroup.swift; sourceTree = "<group>"; };
		A1B2C3D4E1A680F5B00A75B9A /* IosTrackingSnapshot.swift */ = {isa = PBXFileReference; lastKnownFileType = sourcecode.swift; path = IosTrackingSnapshot.swift; sourceTree = "<group>"; };
		A1B2C3D571A680F5B00A75B9A /* FocusGuard.entitlements */ = {isa = PBXFileReference; lastKnownFileType = text.plist.entitlements; name = FocusGuard.entitlements; path = FocusGuard/FocusGuard.entitlements; sourceTree = "<group>"; };
		A1B2C3D581A680F5B00A75B9A /* KeeptMonitor.entitlements */ = {isa = PBXFileReference; lastKnownFileType = text.plist.entitlements; path = KeeptMonitor.entitlements; sourceTree = "<group>"; };
		A1B2C3D591A680F5B00A75B9A /* DeviceActivity.framework */ = {isa = PBXFileReference; lastKnownFileType = wrapper.framework; name = DeviceActivity.framework; path = System/Library/Frameworks/DeviceActivity.framework; sourceTree = SDKROOT; };
		A1B2C3D5A1A680F5B00A75B9A /* FamilyControls.framework */ = {isa = PBXFileReference; lastKnownFileType = wrapper.framework; name = FamilyControls.framework; path = System/Library/Frameworks/FamilyControls.framework; sourceTree = SDKROOT; };
		A1B2C3D5B1A680F5B00A75B9A /* ManagedSettings.framework */ = {isa = PBXFileReference; lastKnownFileType = wrapper.framework; name = ManagedSettings.framework; path = System/Library/Frameworks/ManagedSettings.framework; sourceTree = SDKROOT; };
		A33565A2A5E04F02B2D8C759 /* Inter-Bold.ttf */ = {isa = PBXFileReference; explicitFileType = undefined; fileEncoding = 9; includeInIndex = 0; lastKnownFileType = unknown; name = "Inter-Bold.ttf"; path = "../source/assets/fonts/Inter-Bold.ttf"; sourceTree = "<group>"; };
		B1C2D3E431A680F5B00A75B9A /* KeeptScreenTimeAuthorization.swift */ = {isa = PBXFileReference; lastKnownFileType = sourcecode.swift; path = KeeptScreenTimeAuthorization.swift; sourceTree = "<group>"; };
		B1C2D3E471A680F5B00A75B9A /* SelectedAppsPayloadBuilder.swift */ = {isa = PBXFileReference; lastKnownFileType = sourcecode.swift; path = SelectedAppsPayloadBuilder.swift; sourceTree = "<group>"; };
		B1C2D3E491A680F5B00A75B9A /* KeeptFamilyActivityPickerPresenter.swift */ = {isa = PBXFileReference; lastKnownFileType = sourcecode.swift; path = KeeptFamilyActivityPickerPresenter.swift; sourceTree = "<group>"; };
		B1C2D3E4B1A680F5B00A75B9A /* KeeptNotificationAuthorization.swift */ = {isa = PBXFileReference; lastKnownFileType = sourcecode.swift; path = KeeptNotificationAuthorization.swift; sourceTree = "<group>"; };
		B1C2D3E4D1A680F5B00A75B9A /* KeeptScreenTimeBridge.swift */ = {isa = PBXFileReference; lastKnownFileType = sourcecode.swift; path = KeeptScreenTimeBridge.swift; sourceTree = "<group>"; };
		C2D3E5011A680F5B00A75B9A /* KeeptMonitoringNames.swift */ = {isa = PBXFileReference; lastKnownFileType = sourcecode.swift; path = KeeptMonitoringNames.swift; sourceTree = "<group>"; };
		C2D3E5111A680F5B00A75B9A /* IosTokenCatalog.swift */ = {isa = PBXFileReference; lastKnownFileType = sourcecode.swift; path = IosTokenCatalog.swift; sourceTree = "<group>"; };
		C2D3E5211A680F5B00A75B9A /* IosFamilyActivitySelectionStore.swift */ = {isa = PBXFileReference; lastKnownFileType = sourcecode.swift; path = IosFamilyActivitySelectionStore.swift; sourceTree = "<group>"; };
		C2D3E5311A680F5B00A75B9A /* KeeptMonitoringStateStore.swift */ = {isa = PBXFileReference; lastKnownFileType = sourcecode.swift; path = KeeptMonitoringStateStore.swift; sourceTree = "<group>"; };
		C2D3E5411A680F5B00A75B9A /* IosTrackingSnoozeStore.swift */ = {isa = PBXFileReference; lastKnownFileType = sourcecode.swift; path = IosTrackingSnoozeStore.swift; sourceTree = "<group>"; };
		C2D3E5511A680F5B00A75B9A /* IosDailyWarningStore.swift */ = {isa = PBXFileReference; lastKnownFileType = sourcecode.swift; path = IosDailyWarningStore.swift; sourceTree = "<group>"; };
		C2D3E5611A680F5B00A75B9A /* IosShieldStore.swift */ = {isa = PBXFileReference; lastKnownFileType = sourcecode.swift; path = IosShieldStore.swift; sourceTree = "<group>"; };
		C2D3E5711A680F5B00A75B9A /* KeeptMonitoringScheduler.swift */ = {isa = PBXFileReference; lastKnownFileType = sourcecode.swift; path = KeeptMonitoringScheduler.swift; sourceTree = "<group>"; };
		C2D3E5811A680F5B00A75B9A /* KeeptMonitorActions.swift */ = {isa = PBXFileReference; lastKnownFileType = sourcecode.swift; path = KeeptMonitorActions.swift; sourceTree = "<group>"; };
		CB17F5AB88324B4D9C0E2215 /* Inter-SemiBold.ttf */ = {isa = PBXFileReference; explicitFileType = undefined; fileEncoding = 9; includeInIndex = 0; lastKnownFileType = unknown; name = "Inter-SemiBold.ttf"; path = "../source/assets/fonts/Inter-SemiBold.ttf"; sourceTree = "<group>"; };
		D2E3F4011A680F5B00A75B9A /* KeeptReport.appex */ = {isa = PBXFileReference; explicitFileType = "wrapper.app-extension"; includeInIndex = 0; path = KeeptReport.appex; sourceTree = BUILT_PRODUCTS_DIR; };
		D2E3F4811A680F5B00A75B9A /* KeeptReportExtension.swift */ = {isa = PBXFileReference; lastKnownFileType = sourcecode.swift; path = KeeptReportExtension.swift; sourceTree = "<group>"; };
		D2E3F4911A680F5B00A75B9A /* TrackedAppsReport.swift */ = {isa = PBXFileReference; lastKnownFileType = sourcecode.swift; path = TrackedAppsReport.swift; sourceTree = "<group>"; };
		D2E3F4A11A680F5B00A75B9A /* TrackedAppsReportView.swift */ = {isa = PBXFileReference; lastKnownFileType = sourcecode.swift; path = TrackedAppsReportView.swift; sourceTree = "<group>"; };
		D2E3F4B11A680F5B00A75B9A /* Info.plist */ = {isa = PBXFileReference; lastKnownFileType = text.plist.xml; path = Info.plist; sourceTree = "<group>"; };
		D2E3F4C11A680F5B00A75B9A /* KeeptReport.entitlements */ = {isa = PBXFileReference; lastKnownFileType = text.plist.entitlements; path = KeeptReport.entitlements; sourceTree = "<group>"; };
		D2E3F5011A680F5B00A75B9A /* IosDailyUsageStore.swift */ = {isa = PBXFileReference; lastKnownFileType = sourcecode.swift; path = IosDailyUsageStore.swift; sourceTree = "<group>"; };
		D2E3F5111A680F5B00A75B9A /* KeeptUsageReader.swift */ = {isa = PBXFileReference; lastKnownFileType = sourcecode.swift; path = KeeptUsageReader.swift; sourceTree = "<group>"; };
		D2E3F5211A680F5B00A75B9A /* KeeptUsageReportContext.swift */ = {isa = PBXFileReference; lastKnownFileType = sourcecode.swift; path = KeeptUsageReportContext.swift; sourceTree = "<group>"; };
		D2E3F5311A680F5B00A75B9A /* KeeptUsageReportCollector.swift */ = {isa = PBXFileReference; lastKnownFileType = sourcecode.swift; path = KeeptUsageReportCollector.swift; sourceTree = "<group>"; };
		ED297162215061F000B7C4FE /* JavaScriptCore.framework */ = {isa = PBXFileReference; lastKnownFileType = wrapper.framework; name = JavaScriptCore.framework; path = System/Library/Frameworks/JavaScriptCore.framework; sourceTree = SDKROOT; };
		F1A2B3C22CA45674006654EE /* RCTNativeUsageStats.h */ = {isa = PBXFileReference; lastKnownFileType = sourcecode.c.h; name = RCTNativeUsageStats.h; path = FocusGuard/NativeUsageStats/RCTNativeUsageStats.h; sourceTree = "<group>"; };
		F1A2B3C32CA45674006654EE /* RCTNativeUsageStats.mm */ = {isa = PBXFileReference; lastKnownFileType = sourcecode.cpp.objcpp; name = RCTNativeUsageStats.mm; path = FocusGuard/NativeUsageStats/RCTNativeUsageStats.mm; sourceTree = "<group>"; };
		F1R3B4S5E6A68108700A75B9A /* GoogleService-Info.plist */ = {isa = PBXFileReference; fileEncoding = 4; lastKnownFileType = text.plist.xml; name = "GoogleService-Info.plist"; path = "FocusGuard/GoogleService-Info.plist"; sourceTree = "<group>"; };
		FF2E9EA7245C7B8B24C0CD06 /* Pods_FocusGuard.framework */ = {isa = PBXFileReference; explicitFileType = wrapper.framework; includeInIndex = 0; path = Pods_FocusGuard.framework; sourceTree = BUILT_PRODUCTS_DIR; };
		K1E2T3U31CA45674006654EE /* RCTKeeptUiTheme.mm */ = {isa = PBXFileReference; lastKnownFileType = sourcecode.cpp.objcpp; name = RCTKeeptUiTheme.mm; path = FocusGuard/KeeptUiTheme/RCTKeeptUiTheme.mm; sourceTree = "<group>"; };
/* End PBXFileReference section */

/* Begin PBXFrameworksBuildPhase section */
		13B07F8C1A680F5B00A75B9A /* Frameworks */ = {
			isa = PBXFrameworksBuildPhase;
			buildActionMask = 2147483647;
			files = (
				C2D3E5921A680F5B00A75B9A /* DeviceActivity.framework in Frameworks */,
				B1C2D3E4E1A680F5B00A75B9A /* FamilyControls.framework in Frameworks */,
				B1C2D3E4F1A680F5B00A75B9A /* ManagedSettings.framework in Frameworks */,
				C06BF5039C2B0F4E536DAB6F /* Pods_FocusGuard.framework in Frameworks */,
			);
			runOnlyForDeploymentPostprocessing = 0;
		};
		A1B2C3D431A680F5B00A75B9A /* Frameworks */ = {
			isa = PBXFrameworksBuildPhase;
			buildActionMask = 2147483647;
			files = (
				A1B2C3D5C1A680F5B00A75B9A /* DeviceActivity.framework in Frameworks */,
				A1B2C3D5D1A680F5B00A75B9A /* FamilyControls.framework in Frameworks */,
				A1B2C3D5E1A680F5B00A75B9A /* ManagedSettings.framework in Frameworks */,
			);
			runOnlyForDeploymentPostprocessing = 0;
		};
		D2E3F4311A680F5B00A75B9A /* Frameworks */ = {
			isa = PBXFrameworksBuildPhase;
			buildActionMask = 2147483647;
			files = (
				D2E3F6111A680F5B00A75B9A /* DeviceActivity.framework in Frameworks */,
				D2E3F6211A680F5B00A75B9A /* FamilyControls.framework in Frameworks */,
			);
			runOnlyForDeploymentPostprocessing = 0;
		};
/* End PBXFrameworksBuildPhase section */

/* Begin PBXGroup section */
		13B07FAE1A68108700A75B9A /* FocusGuard */ = {
			isa = PBXGroup;
			children = (
				13B07FB51A68108700A75B9A /* Images.xcassets */,
				761780EC2CA45674006654EE /* AppDelegate.swift */,
				F1A2B3C22CA45674006654EE /* RCTNativeUsageStats.h */,
				F1A2B3C32CA45674006654EE /* RCTNativeUsageStats.mm */,
				K1E2T3U31CA45674006654EE /* RCTKeeptUiTheme.mm */,
				13B07FB61A68108700A75B9A /* Info.plist */,
				F1R3B4S5E6A68108700A75B9A /* GoogleService-Info.plist */,
				81AB9BB72411601600AC10FF /* LaunchScreen.storyboard */,
				13B07FB81A68108700A75B9A /* PrivacyInfo.xcprivacy */,
				A1B2C3D571A680F5B00A75B9A /* FocusGuard.entitlements */,
			);
			name = FocusGuard;
			sourceTree = "<group>";
		};
		2D16E6871FA4F8E400B85C8A /* Frameworks */ = {
			isa = PBXGroup;
			children = (
				ED297162215061F000B7C4FE /* JavaScriptCore.framework */,
				A1B2C3D591A680F5B00A75B9A /* DeviceActivity.framework */,
				A1B2C3D5A1A680F5B00A75B9A /* FamilyControls.framework */,
				A1B2C3D5B1A680F5B00A75B9A /* ManagedSettings.framework */,
				FF2E9EA7245C7B8B24C0CD06 /* Pods_FocusGuard.framework */,
			);
			name = Frameworks;
			sourceTree = "<group>";
		};
		64E284D7285F4C2286AF0EFA /* Resources */ = {
			isa = PBXGroup;
			children = (
				48B53B5AA62C4F62ADACAE00 /* Inter-Medium.ttf */,
				A33565A2A5E04F02B2D8C759 /* Inter-Bold.ttf */,
				4FF812CD12A24C7C9F6AC828 /* Inter-Regular.ttf */,
				CB17F5AB88324B4D9C0E2215 /* Inter-SemiBold.ttf */,
			);
			name = Resources;
			sourceTree = "<group>";
		};
		832341AE1AAA6A7D00B99B32 /* Libraries */ = {
			isa = PBXGroup;
			children = (
			);
			name = Libraries;
			sourceTree = "<group>";
		};
		83CBB9F61A601CBA00E9B192 = {
			isa = PBXGroup;
			children = (
				13B07FAE1A68108700A75B9A /* FocusGuard */,
				B1C2D3E501A680F5B00A75B9A /* ScreenTime */,
				A1B2C3D511A680F5B00A75B9A /* Shared */,
				A1B2C3D521A680F5B00A75B9A /* KeeptMonitor */,
				D2E3F511A680F5B00A75B9A /* KeeptReport */,
				832341AE1AAA6A7D00B99B32 /* Libraries */,
				83CBBA001A601CBA00E9B192 /* Products */,
				2D16E6871FA4F8E400B85C8A /* Frameworks */,
				BBD78D7AC51CEA395F1C20DB /* Pods */,
				64E284D7285F4C2286AF0EFA /* Resources */,
			);
			indentWidth = 2;
			sourceTree = "<group>";
			tabWidth = 2;
			usesTabs = 0;
		};
		83CBBA001A601CBA00E9B192 /* Products */ = {
			isa = PBXGroup;
			children = (
				13B07F961A680F5B00A75B9A /* FocusGuard.app */,
				A1B2C3D401A680F5B00A75B9A /* KeeptMonitor.appex */,
				D2E3F4011A680F5B00A75B9A /* KeeptReport.appex */,
			);
			name = Products;
			sourceTree = "<group>";
		};
		A1B2C3D511A680F5B00A75B9A /* Shared */ = {
			isa = PBXGroup;
			children = (
				A1B2C3D4B1A680F5B00A75B9A /* KeeptAppGroup.swift */,
				A1B2C3D4E1A680F5B00A75B9A /* IosTrackingSnapshot.swift */,
				C2D3E5011A680F5B00A75B9A /* KeeptMonitoringNames.swift */,
				C2D3E5111A680F5B00A75B9A /* IosTokenCatalog.swift */,
				C2D3E5211A680F5B00A75B9A /* IosFamilyActivitySelectionStore.swift */,
				C2D3E5311A680F5B00A75B9A /* KeeptMonitoringStateStore.swift */,
				C2D3E5411A680F5B00A75B9A /* IosTrackingSnoozeStore.swift */,
				C2D3E5511A680F5B00A75B9A /* IosDailyWarningStore.swift */,
				C2D3E5611A680F5B00A75B9A /* IosShieldStore.swift */,
				C2D3E5711A680F5B00A75B9A /* KeeptMonitoringScheduler.swift */,
				C2D3E5811A680F5B00A75B9A /* KeeptMonitorActions.swift */,
				D2E3F5011A680F5B00A75B9A /* IosDailyUsageStore.swift */,
				D2E3F5111A680F5B00A75B9A /* KeeptUsageReader.swift */,
				D2E3F5211A680F5B00A75B9A /* KeeptUsageReportContext.swift */,
			);
			path = Shared;
			sourceTree = "<group>";
		};
		A1B2C3D521A680F5B00A75B9A /* KeeptMonitor */ = {
			isa = PBXGroup;
			children = (
				A1B2C3D481A680F5B00A75B9A /* DeviceActivityMonitorExtension.swift */,
				A1B2C3D4A1A680F5B00A75B9A /* Info.plist */,
				A1B2C3D581A680F5B00A75B9A /* KeeptMonitor.entitlements */,
			);
			path = KeeptMonitor;
			sourceTree = "<group>";
		};
		B1C2D3E501A680F5B00A75B9A /* ScreenTime */ = {
			isa = PBXGroup;
			children = (
				B1C2D3E431A680F5B00A75B9A /* KeeptScreenTimeAuthorization.swift */,
				B1C2D3E471A680F5B00A75B9A /* SelectedAppsPayloadBuilder.swift */,
				B1C2D3E491A680F5B00A75B9A /* KeeptFamilyActivityPickerPresenter.swift */,
				B1C2D3E4B1A680F5B00A75B9A /* KeeptNotificationAuthorization.swift */,
				B1C2D3E4D1A680F5B00A75B9A /* KeeptScreenTimeBridge.swift */,
				D2E3F5311A680F5B00A75B9A /* KeeptUsageReportCollector.swift */,
			);
			name = ScreenTime;
			path = FocusGuard/ScreenTime;
			sourceTree = "<group>";
		};
		BBD78D7AC51CEA395F1C20DB /* Pods */ = {
			isa = PBXGroup;
			children = (
				3B4392A12AC88292D35C810B /* Pods-FocusGuard.debug.xcconfig */,
				5709B34CF0A7D63546082F79 /* Pods-FocusGuard.release.xcconfig */,
			);
			path = Pods;
			sourceTree = "<group>";
		};
		D2E3F511A680F5B00A75B9A /* KeeptReport */ = {
			isa = PBXGroup;
			children = (
				D2E3F4811A680F5B00A75B9A /* KeeptReportExtension.swift */,
				D2E3F4911A680F5B00A75B9A /* TrackedAppsReport.swift */,
				D2E3F4A11A680F5B00A75B9A /* TrackedAppsReportView.swift */,
				D2E3F4B11A680F5B00A75B9A /* Info.plist */,
				D2E3F4C11A680F5B00A75B9A /* KeeptReport.entitlements */,
			);
			path = KeeptReport;
			sourceTree = "<group>";
		};
/* End PBXGroup section */

/* Begin PBXNativeTarget section */
		13B07F861A680F5B00A75B9A /* FocusGuard */ = {
			isa = PBXNativeTarget;
			buildConfigurationList = 13B07F931A680F5B00A75B9A /* Build configuration list for PBXNativeTarget "FocusGuard" */;
			buildPhases = (
				C38B50BA6285516D6DCD4F65 /* [CP] Check Pods Manifest.lock */,
				13B07F871A680F5B00A75B9A /* Sources */,
				13B07F8C1A680F5B00A75B9A /* Frameworks */,
				13B07F8E1A680F5B00A75B9A /* Resources */,
				00DD1BFF1BD5951E006B06BC /* Bundle React Native code and images */,
				00EEFC60759A1932668264C0 /* [CP] Embed Pods Frameworks */,
				E235C05ADACE081382539298 /* [CP] Copy Pods Resources */,
				A1B2C3D531A680F5B00A75B9A /* Embed Foundation Extensions */,
				F434A646CF168347C0737B5B /* [CP-User] [RNFB] Core Configuration */,
				4D5D6C782F04DB7D6A7DD3E0 /* [CP-User] [RNFB] Crashlytics Configuration */,
			);
			buildRules = (
			);
			dependencies = (
				A1B2C3D551A680F5B00A75B9A /* PBXTargetDependency */,
				D2E3F4F11A680F5B00A75B9A /* PBXTargetDependency */,
			);
			name = FocusGuard;
			productName = FocusGuard;
			productReference = 13B07F961A680F5B00A75B9A /* FocusGuard.app */;
			productType = "com.apple.product-type.application";
		};
		A1B2C3D411A680F5B00A75B9A /* KeeptMonitor */ = {
			isa = PBXNativeTarget;
			buildConfigurationList = A1B2C3D451A680F5B00A75B9A /* Build configuration list for PBXNativeTarget "KeeptMonitor" */;
			buildPhases = (
				A1B2C3D421A680F5B00A75B9A /* Sources */,
				A1B2C3D431A680F5B00A75B9A /* Frameworks */,
				A1B2C3D441A680F5B00A75B9A /* Resources */,
			);
			buildRules = (
			);
			dependencies = (
			);
			name = KeeptMonitor;
			productName = KeeptMonitor;
			productReference = A1B2C3D401A680F5B00A75B9A /* KeeptMonitor.appex */;
			productType = "com.apple.product-type.app-extension";
		};
		D2E3F4111A680F5B00A75B9A /* KeeptReport */ = {
			isa = PBXNativeTarget;
			buildConfigurationList = D2E3F4511A680F5B00A75B9A /* Build configuration list for PBXNativeTarget "KeeptReport" */;
			buildPhases = (
				D2E3F4211A680F5B00A75B9A /* Sources */,
				D2E3F4311A680F5B00A75B9A /* Frameworks */,
				D2E3F4411A680F5B00A75B9A /* Resources */,
			);
			buildRules = (
			);
			dependencies = (
			);
			name = KeeptReport;
			productName = KeeptReport;
			productReference = D2E3F4011A680F5B00A75B9A /* KeeptReport.appex */;
			productType = "com.apple.product-type.app-extension";
		};
/* End PBXNativeTarget section */

/* Begin PBXProject section */
		83CBB9F71A601CBA00E9B192 /* Project object */ = {
			isa = PBXProject;
			attributes = {
				LastUpgradeCheck = 1210;
				TargetAttributes = {
					13B07F861A680F5B00A75B9A = {
						LastSwiftMigration = 1120;
					};
					A1B2C3D411A680F5B00A75B9A = {
						CreatedOnToolsVersion = 16.0;
					};
					D2E3F4111A680F5B00A75B9A = {
						CreatedOnToolsVersion = 16.0;
					};
				};
			};
			buildConfigurationList = 83CBB9FA1A601CBA00E9B192 /* Build configuration list for PBXProject "FocusGuard" */;
			compatibilityVersion = "Xcode 12.0";
			developmentRegion = en;
			hasScannedForEncodings = 0;
			knownRegions = (
				en,
				Base,
			);
			mainGroup = 83CBB9F61A601CBA00E9B192;
			productRefGroup = 83CBBA001A601CBA00E9B192 /* Products */;
			projectDirPath = "";
			projectRoot = "";
			targets = (
				13B07F861A680F5B00A75B9A /* FocusGuard */,
				A1B2C3D411A680F5B00A75B9A /* KeeptMonitor */,
				D2E3F4111A680F5B00A75B9A /* KeeptReport */,
			);
		};
/* End PBXProject section */

/* Begin PBXResourcesBuildPhase section */
		13B07F8E1A680F5B00A75B9A /* Resources */ = {
			isa = PBXResourcesBuildPhase;
			buildActionMask = 2147483647;
			files = (
				81AB9BB82411601600AC10FF /* LaunchScreen.storyboard in Resources */,
				13B07FBF1A68108700A75B9A /* Images.xcassets in Resources */,
				F1R3B4S5E7A68108700A75B9A /* GoogleService-Info.plist in Resources */,
				D170490DEF45D6F0125B19E7 /* PrivacyInfo.xcprivacy in Resources */,
				E7CDC4C2890D475FA557F479 /* Inter-Medium.ttf in Resources */,
				60A85BFB18134E24AD778BC6 /* Inter-Bold.ttf in Resources */,
				C89960D5814A437FA4D5E865 /* Inter-Regular.ttf in Resources */,
				5B76FF05E208434195FA7918 /* Inter-SemiBold.ttf in Resources */,
			);
			runOnlyForDeploymentPostprocessing = 0;
		};
		A1B2C3D441A680F5B00A75B9A /* Resources */ = {
			isa = PBXResourcesBuildPhase;
			buildActionMask = 2147483647;
			files = (
			);
			runOnlyForDeploymentPostprocessing = 0;
		};
		D2E3F4411A680F5B00A75B9A /* Resources */ = {
			isa = PBXResourcesBuildPhase;
			buildActionMask = 2147483647;
			files = (
			);
			runOnlyForDeploymentPostprocessing = 0;
		};
/* End PBXResourcesBuildPhase section */

/* Begin PBXShellScriptBuildPhase section */
		00DD1BFF1BD5951E006B06BC /* Bundle React Native code and images */ = {
			isa = PBXShellScriptBuildPhase;
			buildActionMask = 2147483647;
			files = (
			);
			inputPaths = (
				"$(SRCROOT)/.xcode.env.local",
				"$(SRCROOT)/.xcode.env",
			);
			name = "Bundle React Native code and images";
			outputPaths = (
			);
			runOnlyForDeploymentPostprocessing = 0;
			shellPath = /bin/sh;
			shellScript = "set -e\n\nWITH_ENVIRONMENT=\"$REACT_NATIVE_PATH/scripts/xcode/with-environment.sh\"\nREACT_NATIVE_XCODE=\"$REACT_NATIVE_PATH/scripts/react-native-xcode.sh\"\n\n/bin/sh -c \"\\\"$WITH_ENVIRONMENT\\\" \\\"$REACT_NATIVE_XCODE\\\"\"\n";
		};
		00EEFC60759A1932668264C0 /* [CP] Embed Pods Frameworks */ = {
			isa = PBXShellScriptBuildPhase;
			buildActionMask = 2147483647;
			files = (
			);
			inputFileListPaths = (
				"${PODS_ROOT}/Target Support Files/Pods-FocusGuard/Pods-FocusGuard-frameworks-${CONFIGURATION}-input-files.xcfilelist",
			);
			name = "[CP] Embed Pods Frameworks";
			outputFileListPaths = (
				"${PODS_ROOT}/Target Support Files/Pods-FocusGuard/Pods-FocusGuard-frameworks-${CONFIGURATION}-output-files.xcfilelist",
			);
			runOnlyForDeploymentPostprocessing = 0;
			shellPath = /bin/sh;
			shellScript = "\"${PODS_ROOT}/Target Support Files/Pods-FocusGuard/Pods-FocusGuard-frameworks.sh\"\n";
			showEnvVarsInLog = 0;
		};
		4D5D6C782F04DB7D6A7DD3E0 /* [CP-User] [RNFB] Crashlytics Configuration */ = {
			isa = PBXShellScriptBuildPhase;
			buildActionMask = 2147483647;
			files = (
			);
			inputPaths = (
				"${DWARF_DSYM_FOLDER_PATH}/${DWARF_DSYM_FILE_NAME}/Contents/Resources/DWARF/${TARGET_NAME}",
				"$(BUILT_PRODUCTS_DIR)/$(INFOPLIST_PATH)",
			);
			name = "[CP-User] [RNFB] Crashlytics Configuration";
			runOnlyForDeploymentPostprocessing = 0;
			shellPath = /bin/sh;
			shellScript = "#!/usr/bin/env bash\n#\n# Copyright (c) 2016-present Invertase Limited & Contributors\n#\n# Licensed under the Apache License, Version 2.0 (the \"License\");\n# you may not use this library except in compliance with the License.\n# You may obtain a copy of the License at\n#\n#   http://www.apache.org/licenses/LICENSE-2.0\n#\n# Unless required by applicable law or agreed to in writing, software\n# distributed under the License is distributed on an \"AS IS\" BASIS,\n# WITHOUT WARRANTIES OR CONDITIONS OF ANY KIND, either express or implied.\n# See the License for the specific language governing permissions and\n# limitations under the License.\n#\nset -e\n\nif [[ ${PODS_ROOT} ]]; then\n  echo \"info: Exec FirebaseCrashlytics Run from Pods\"\n  \"${PODS_ROOT}/FirebaseCrashlytics/run\"\nelse\n  echo \"info: Exec FirebaseCrashlytics Run from framework\"\n  \"${PROJECT_DIR}/FirebaseCrashlytics.framework/run\"\nfi\n";
		};
		C38B50BA6285516D6DCD4F65 /* [CP] Check Pods Manifest.lock */ = {
			isa = PBXShellScriptBuildPhase;
			buildActionMask = 2147483647;
			files = (
			);
			inputFileListPaths = (
			);
			inputPaths = (
				"${PODS_PODFILE_DIR_PATH}/Podfile.lock",
				"${PODS_ROOT}/Manifest.lock",
			);
			name = "[CP] Check Pods Manifest.lock";
			outputFileListPaths = (
			);
			outputPaths = (
				"$(DERIVED_FILE_DIR)/Pods-FocusGuard-checkManifestLockResult.txt",
			);
			runOnlyForDeploymentPostprocessing = 0;
			shellPath = /bin/sh;
			shellScript = "diff \"${PODS_PODFILE_DIR_PATH}/Podfile.lock\" \"${PODS_ROOT}/Manifest.lock\" > /dev/null\nif [ $? != 0 ] ; then\n    # print error to STDERR\n    echo \"error: The sandbox is not in sync with the Podfile.lock. Run 'pod install' or update your CocoaPods installation.\" >&2\n    exit 1\nfi\n# This output is used by Xcode 'outputs' to avoid re-running this script phase.\necho \"SUCCESS\" > \"${SCRIPT_OUTPUT_FILE_0}\"\n";
			showEnvVarsInLog = 0;
		};
		E235C05ADACE081382539298 /* [CP] Copy Pods Resources */ = {
			isa = PBXShellScriptBuildPhase;
			buildActionMask = 2147483647;
			files = (
			);
			inputFileListPaths = (
				"${PODS_ROOT}/Target Support Files/Pods-FocusGuard/Pods-FocusGuard-resources-${CONFIGURATION}-input-files.xcfilelist",
			);
			name = "[CP] Copy Pods Resources";
			outputFileListPaths = (
				"${PODS_ROOT}/Target Support Files/Pods-FocusGuard/Pods-FocusGuard-resources-${CONFIGURATION}-output-files.xcfilelist",
			);
			runOnlyForDeploymentPostprocessing = 0;
			shellPath = /bin/sh;
			shellScript = "\"${PODS_ROOT}/Target Support Files/Pods-FocusGuard/Pods-FocusGuard-resources.sh\"\n";
			showEnvVarsInLog = 0;
		};
		F434A646CF168347C0737B5B /* [CP-User] [RNFB] Core Configuration */ = {
			isa = PBXShellScriptBuildPhase;
			buildActionMask = 2147483647;
			files = (
			);
			inputPaths = (
				"$(BUILT_PRODUCTS_DIR)/$(INFOPLIST_PATH)",
			);
			name = "[CP-User] [RNFB] Core Configuration";
			runOnlyForDeploymentPostprocessing = 0;
			shellPath = /bin/sh;
			shellScript = "#!/usr/bin/env bash\n#\n# Copyright (c) 2016-present Invertase Limited & Contributors\n#\n# Licensed under the Apache License, Version 2.0 (the \"License\");\n# you may not use this library except in compliance with the License.\n# You may obtain a copy of the License at\n#\n#   http://www.apache.org/licenses/LICENSE-2.0\n#\n# Unless required by applicable law or agreed to in writing, software\n# distributed under the License is distributed on an \"AS IS\" BASIS,\n# WITHOUT WARRANTIES OR CONDITIONS OF ANY KIND, either express or implied.\n# See the License for the specific language governing permissions and\n# limitations under the License.\n#\n\n##########################################################################\n##########################################################################\n#\n#  NOTE THAT IF YOU CHANGE THIS FILE YOU MUST RUN pod install AFTERWARDS\n#\n#  This file is installed as an Xcode build script in the project file\n#  by cocoapods, and you will not see your changes until you pod install\n#\n##########################################################################\n##########################################################################\n\nset -e\n\n_MAX_LOOKUPS=2;\n_SEARCH_RESULT=''\n_RN_ROOT_EXISTS=''\n_CURRENT_LOOKUPS=1\n_JSON_ROOT=\"'react-native'\"\n_JSON_FILE_NAME='firebase.json'\n_JSON_OUTPUT_BASE64='e30=' # { }\n_CURRENT_SEARCH_DIR=${PROJECT_DIR}\n_PLIST_BUDDY=/usr/libexec/PlistBuddy\n_TARGET_PLIST=\"${BUILT_PRODUCTS_DIR}/${INFOPLIST_PATH}\"\n_DSYM_PLIST=\"${DWARF_DSYM_FOLDER_PATH}/${DWARF_DSYM_FILE_NAME}/Contents/Info.plist\"\n\n# plist arrays\n_PLIST_ENTRY_KEYS=()\n_PLIST_ENTRY_TYPES=()\n_PLIST_ENTRY_VALUES=()\n\nfunction setPlistValue {\n  echo \"note:      setting plist entry '$1' of type '$2' in file '$4'\"\n  ${_PLIST_BUDDY} -c \"Add :$1 $2 '$3'\" $4 || echo \"note:      '$1' already exists\"\n}\n\nfunction getFirebaseJsonKeyValue () {\n  if [[ ${_RN_ROOT_EXISTS} ]]; then\n    ruby -Ku -e \"require 'rubygems';require 'json'; output=JSON.parse('$1'); puts output[$_JSON_ROOT]['$2']\"\n  else\n    echo \"\"\n  fi;\n}\n\nfunction jsonBoolToYesNo () {\n  if [[ $1 == \"false\" ]]; then\n    echo \"NO\"\n  elif [[ $1 == \"true\" ]]; then\n    echo \"YES\"\n  else echo \"NO\"\n  fi\n}\n\necho \"note: -> RNFB build script started\"\necho \"note: 1) Locating ${_JSON_FILE_NAME} file:\"\n\nif [[ -z ${_CURRENT_SEARCH_DIR} ]]; then\n  _CURRENT_SEARCH_DIR=$(pwd)\nfi;\n\nwhile true; do\n  _CURRENT_SEARCH_DIR=$(dirname \"$_CURRENT_SEARCH_DIR\")\n  if [[ \"$_CURRENT_SEARCH_DIR\" == \"/\" ]] || [[ ${_CURRENT_LOOKUPS} -gt ${_MAX_LOOKUPS} ]]; then break; fi;\n  echo \"note:      ($_CURRENT_LOOKUPS of $_MAX_LOOKUPS) Searching in '$_CURRENT_SEARCH_DIR' for a ${_JSON_FILE_NAME} file.\"\n  _SEARCH_RESULT=$(find \"$_CURRENT_SEARCH_DIR\" -maxdepth 2 -name ${_JSON_FILE_NAME} -print | /usr/bin/head -n 1)\n  if [[ ${_SEARCH_RESULT} ]]; then\n    echo \"note:      ${_JSON_FILE_NAME} found at $_SEARCH_RESULT\"\n    break;\n  fi;\n  _CURRENT_LOOKUPS=$((_CURRENT_LOOKUPS+1))\ndone\n\nif [[ ${_SEARCH_RESULT} ]]; then\n  _JSON_OUTPUT_RAW=$(cat \"${_SEARCH_RESULT}\")\n  if ! _RN_ROOT_EXISTS=$(ruby -Ku -e \"require 'json'; output=JSON.parse('$_JSON_OUTPUT_RAW'); puts output[$_JSON_ROOT]\"); then\n    echo \"error: Failed to parse firebase.json, check for syntax errors.\"\n    exit 1\n  fi\n\n  if [[ ${_RN_ROOT_EXISTS} ]]; then\n    if ! python3 --version >/dev/null 2>&1; then echo \"error: python3 not found, firebase.json file processing error.\" && exit 1; fi\n    _JSON_OUTPUT_BASE64=$(python3 -c 'import json,sys,base64;print(base64.b64encode(bytes(json.dumps(json.loads(open('\"'${_SEARCH_RESULT}'\"', '\"'rb'\"').read())['${_JSON_ROOT}']), '\"'utf-8'\"')).decode())' || echo \"e30=\")\n  fi\n\n  _PLIST_ENTRY_KEYS+=(\"firebase_json_raw\")\n  _PLIST_ENTRY_TYPES+=(\"string\")\n  _PLIST_ENTRY_VALUES+=(\"$_JSON_OUTPUT_BASE64\")\n\n  # config.app_data_collection_default_enabled\n  _APP_DATA_COLLECTION_ENABLED=$(getFirebaseJsonKeyValue \"$_JSON_OUTPUT_RAW\" \"app_data_collection_default_enabled\")\n  if [[ $_APP_DATA_COLLECTION_ENABLED ]]; then\n    _PLIST_ENTRY_KEYS+=(\"FirebaseDataCollectionDefaultEnabled\")\n    _PLIST_ENTRY_TYPES+=(\"bool\")\n    _PLIST_ENTRY_VALUES+=(\"$(jsonBoolToYesNo \"$_APP_DATA_COLLECTION_ENABLED\")\")\n  fi\n\n  # config.analytics_auto_collection_enabled\n  _ANALYTICS_AUTO_COLLECTION=$(getFirebaseJsonKeyValue \"$_JSON_OUTPUT_RAW\" \"analytics_auto_collection_enabled\")\n  if [[ $_ANALYTICS_AUTO_COLLECTION ]]; then\n    _PLIST_ENTRY_KEYS+=(\"FIREBASE_ANALYTICS_COLLECTION_ENABLED\")\n    _PLIST_ENTRY_TYPES+=(\"bool\")\n    _PLIST_ENTRY_VALUES+=(\"$(jsonBoolToYesNo \"$_ANALYTICS_AUTO_COLLECTION\")\")\n  fi\n\n  # config.analytics_collection_deactivated\n  _ANALYTICS_DEACTIVATED=$(getFirebaseJsonKeyValue \"$_JSON_OUTPUT_RAW\" \"analytics_collection_deactivated\")\n  if [[ $_ANALYTICS_DEACTIVATED ]]; then\n    _PLIST_ENTRY_KEYS+=(\"FIREBASE_ANALYTICS_COLLECTION_DEACTIVATED\")\n    _PLIST_ENTRY_TYPES+=(\"bool\")\n    _PLIST_ENTRY_VALUES+=(\"$(jsonBoolToYesNo \"$_ANALYTICS_DEACTIVATED\")\")\n  fi\n\n  # config.analytics_idfv_collection_enabled\n  _ANALYTICS_IDFV_COLLECTION=$(getFirebaseJsonKeyValue \"$_JSON_OUTPUT_RAW\" \"analytics_idfv_collection_enabled\")\n  if [[ $_ANALYTICS_IDFV_COLLECTION ]]; then\n    _PLIST_ENTRY_KEYS+=(\"GOOGLE_ANALYTICS_IDFV_COLLECTION_ENABLED\")\n    _PLIST_ENTRY_TYPES+=(\"bool\")\n    _PLIST_ENTRY_VALUES+=(\"$(jsonBoolToYesNo \"$_ANALYTICS_IDFV_COLLECTION\")\")\n  fi\n\n  # config.analytics_default_allow_analytics_storage\n  _ANALYTICS_STORAGE=$(getFirebaseJsonKeyValue \"$_JSON_OUTPUT_RAW\" \"analytics_default_allow_analytics_storage\")\n  if [[ $_ANALYTICS_STORAGE ]]; then\n    _PLIST_ENTRY_KEYS+=(\"GOOGLE_ANALYTICS_DEFAULT_ALLOW_ANALYTICS_STORAGE\")\n    _PLIST_ENTRY_TYPES+=(\"bool\")\n    _PLIST_ENTRY_VALUES+=(\"$(jsonBoolToYesNo \"$_ANALYTICS_STORAGE\")\")\n  fi\n\n  # config.analytics_default_allow_ad_storage\n  _ANALYTICS_AD_STORAGE=$(getFirebaseJsonKeyValue \"$_JSON_OUTPUT_RAW\" \"analytics_default_allow_ad_storage\")\n  if [[ $_ANALYTICS_AD_STORAGE ]]; then\n    _PLIST_ENTRY_KEYS+=(\"GOOGLE_ANALYTICS_DEFAULT_ALLOW_AD_STORAGE\")\n    _PLIST_ENTRY_TYPES+=(\"bool\")\n    _PLIST_ENTRY_VALUES+=(\"$(jsonBoolToYesNo \"$_ANALYTICS_AD_STORAGE\")\")\n  fi\n\n  # config.analytics_default_allow_ad_user_data\n  _ANALYTICS_AD_USER_DATA=$(getFirebaseJsonKeyValue \"$_JSON_OUTPUT_RAW\" \"analytics_default_allow_ad_user_data\")\n  if [[ $_ANALYTICS_AD_USER_DATA ]]; then\n    _PLIST_ENTRY_KEYS+=(\"GOOGLE_ANALYTICS_DEFAULT_ALLOW_AD_USER_DATA\")\n    _PLIST_ENTRY_TYPES+=(\"bool\")\n    _PLIST_ENTRY_VALUES+=(\"$(jsonBoolToYesNo \"$_ANALYTICS_AD_USER_DATA\")\")\n  fi\n\n  # config.analytics_default_allow_ad_personalization_signals\n  _ANALYTICS_PERSONALIZATION=$(getFirebaseJsonKeyValue \"$_JSON_OUTPUT_RAW\" \"analytics_default_allow_ad_personalization_signals\")\n  if [[ $_ANALYTICS_PERSONALIZATION ]]; then\n    _PLIST_ENTRY_KEYS+=(\"GOOGLE_ANALYTICS_DEFAULT_ALLOW_AD_PERSONALIZATION_SIGNALS\")\n    _PLIST_ENTRY_TYPES+=(\"bool\")\n    _PLIST_ENTRY_VALUES+=(\"$(jsonBoolToYesNo \"$_ANALYTICS_PERSONALIZATION\")\")\n  fi\n\n  # config.analytics_registration_with_ad_network_enabled\n  _ANALYTICS_REGISTRATION_WITH_AD_NETWORK=$(getFirebaseJsonKeyValue \"$_JSON_OUTPUT_RAW\" \"google_analytics_registration_with_ad_network_enabled\")\n  if [[ $_ANALYTICS_REGISTRATION_WITH_AD_NETWORK ]]; then\n    _PLIST_ENTRY_KEYS+=(\"GOOGLE_ANALYTICS_REGISTRATION_WITH_AD_NETWORK_ENABLED\")\n    _PLIST_ENTRY_TYPES+=(\"bool\")\n    _PLIST_ENTRY_VALUES+=(\"$(jsonBoolToYesNo \"$_ANALYTICS_REGISTRATION_WITH_AD_NETWORK\")\")\n  fi\n\n  # config.google_analytics_automatic_screen_reporting_enabled\n  _ANALYTICS_AUTO_SCREEN_REPORTING=$(getFirebaseJsonKeyValue \"$_JSON_OUTPUT_RAW\" \"google_analytics_automatic_screen_reporting_enabled\")\n  if [[ $_ANALYTICS_AUTO_SCREEN_REPORTING ]]; then\n    _PLIST_ENTRY_KEYS+=(\"FirebaseAutomaticScreenReportingEnabled\")\n    _PLIST_ENTRY_TYPES+=(\"bool\")\n    _PLIST_ENTRY_VALUES+=(\"$(jsonBoolToYesNo \"$_ANALYTICS_AUTO_SCREEN_REPORTING\")\")\n  fi\n\n  # config.perf_auto_collection_enabled\n  _PERF_AUTO_COLLECTION=$(getFirebaseJsonKeyValue \"$_JSON_OUTPUT_RAW\" \"perf_auto_collection_enabled\")\n  if [[ $_PERF_AUTO_COLLECTION ]]; then\n    _PLIST_ENTRY_KEYS+=(\"firebase_performance_collection_enabled\")\n    _PLIST_ENTRY_TYPES+=(\"bool\")\n    _PLIST_ENTRY_VALUES+=(\"$(jsonBoolToYesNo \"$_PERF_AUTO_COLLECTION\")\")\n  fi\n\n  # config.perf_collection_deactivated\n  _PERF_DEACTIVATED=$(getFirebaseJsonKeyValue \"$_JSON_OUTPUT_RAW\" \"perf_collection_deactivated\")\n  if [[ $_PERF_DEACTIVATED ]]; then\n    _PLIST_ENTRY_KEYS+=(\"firebase_performance_collection_deactivated\")\n    _PLIST_ENTRY_TYPES+=(\"bool\")\n    _PLIST_ENTRY_VALUES+=(\"$(jsonBoolToYesNo \"$_PERF_DEACTIVATED\")\")\n  fi\n\n  # config.messaging_auto_init_enabled\n  _MESSAGING_AUTO_INIT=$(getFirebaseJsonKeyValue \"$_JSON_OUTPUT_RAW\" \"messaging_auto_init_enabled\")\n  if [[ $_MESSAGING_AUTO_INIT ]]; then\n    _PLIST_ENTRY_KEYS+=(\"FirebaseMessagingAutoInitEnabled\")\n    _PLIST_ENTRY_TYPES+=(\"bool\")\n    _PLIST_ENTRY_VALUES+=(\"$(jsonBoolToYesNo \"$_MESSAGING_AUTO_INIT\")\")\n  fi\n\n  # config.in_app_messaging_auto_colllection_enabled\n  _FIAM_AUTO_INIT=$(getFirebaseJsonKeyValue \"$_JSON_OUTPUT_RAW\" \"in_app_messaging_auto_collection_enabled\")\n  if [[ $_FIAM_AUTO_INIT ]]; then\n    _PLIST_ENTRY_KEYS+=(\"FirebaseInAppMessagingAutomaticDataCollectionEnabled\")\n    _PLIST_ENTRY_TYPES+=(\"bool\")\n    _PLIST_ENTRY_VALUES+=(\"$(jsonBoolToYesNo \"$_FIAM_AUTO_INIT\")\")\n  fi\n\n  # config.app_check_token_auto_refresh\n  _APP_CHECK_TOKEN_AUTO_REFRESH=$(getFirebaseJsonKeyValue \"$_JSON_OUTPUT_RAW\" \"app_check_token_auto_refresh\")\n  if [[ $_APP_CHECK_TOKEN_AUTO_REFRESH ]]; then\n    _PLIST_ENTRY_KEYS+=(\"FirebaseAppCheckTokenAutoRefreshEnabled\")\n    _PLIST_ENTRY_TYPES+=(\"bool\")\n    _PLIST_ENTRY_VALUES+=(\"$(jsonBoolToYesNo \"$_APP_CHECK_TOKEN_AUTO_REFRESH\")\")\n  fi\n\n  # config.crashlytics_disable_auto_disabler - undocumented for now - mainly for debugging, document if becomes useful\n  _CRASHLYTICS_AUTO_DISABLE_ENABLED=$(getFirebaseJsonKeyValue \"$_JSON_OUTPUT_RAW\" \"crashlytics_disable_auto_disabler\")\n  if [[ $_CRASHLYTICS_AUTO_DISABLE_ENABLED == \"true\" ]]; then\n    echo \"Disabled Crashlytics auto disabler.\" # do nothing\n  else\n    _PLIST_ENTRY_KEYS+=(\"FirebaseCrashlyticsCollectionEnabled\")\n    _PLIST_ENTRY_TYPES+=(\"bool\")\n    _PLIST_ENTRY_VALUES+=(\"NO\")\n  fi\nelse\n  _PLIST_ENTRY_KEYS+=(\"firebase_json_raw\")\n  _PLIST_ENTRY_TYPES+=(\"string\")\n  _PLIST_ENTRY_VALUES+=(\"$_JSON_OUTPUT_BASE64\")\n  echo \"warning:   A firebase.json file was not found, whilst this file is optional it is recommended to include it to configure firebase services in React Native Firebase.\"\nfi;\n\necho \"note: 2) Injecting Info.plist entries: \"\n\n# Log out the keys we're adding\nfor i in \"${!_PLIST_ENTRY_KEYS[@]}\"; do\n  echo \"    ->  $i) ${_PLIST_ENTRY_KEYS[$i]}\" \"${_PLIST_ENTRY_TYPES[$i]}\" \"${_PLIST_ENTRY_VALUES[$i]}\"\ndone\n\nfor plist in \"${_TARGET_PLIST}\" \"${_DSYM_PLIST}\" ; do\n  if [[ -f \"${plist}\" ]]; then\n\n    # paths with spaces break the call to setPlistValue. temporarily modify\n    # the shell internal field separator variable (IFS), which normally\n    # includes spaces, to consist only of line breaks\n    oldifs=$IFS\n    IFS=\"\n\"\n\n    for i in \"${!_PLIST_ENTRY_KEYS[@]}\"; do\n      setPlistValue \"${_PLIST_ENTRY_KEYS[$i]}\" \"${_PLIST_ENTRY_TYPES[$i]}\" \"${_PLIST_ENTRY_VALUES[$i]}\" \"${plist}\"\n    done\n\n    # restore the original internal field separator value\n    IFS=$oldifs\n  else\n    echo \"warning:   A Info.plist build output file was not found (${plist})\"\n  fi\ndone\n\necho \"note: <- RNFB build script finished\"\n";
		};
/* End PBXShellScriptBuildPhase section */

/* Begin PBXSourcesBuildPhase section */
		13B07F871A680F5B00A75B9A /* Sources */ = {
			isa = PBXSourcesBuildPhase;
			buildActionMask = 2147483647;
			files = (
				761780ED2CA45674006654EE /* AppDelegate.swift in Sources */,
				F1A2B3C42CA45674006654EE /* RCTNativeUsageStats.mm in Sources */,
				K1E2T3U41CA45674006654EE /* RCTKeeptUiTheme.mm in Sources */,
				A1B2C3D4C1A680F5B00A75B9A /* KeeptAppGroup.swift in Sources */,
				A1B2C3D4F1A680F5B00A75B9A /* IosTrackingSnapshot.swift in Sources */,
				B1C2D3E421A680F5B00A75B9A /* KeeptScreenTimeAuthorization.swift in Sources */,
				C2D3E5021A680F5B00A75B9A /* KeeptMonitoringNames.swift in Sources */,
				C2D3E5121A680F5B00A75B9A /* IosTokenCatalog.swift in Sources */,
				C2D3E5221A680F5B00A75B9A /* IosFamilyActivitySelectionStore.swift in Sources */,
				C2D3E5321A680F5B00A75B9A /* KeeptMonitoringStateStore.swift in Sources */,
				C2D3E5421A680F5B00A75B9A /* IosTrackingSnoozeStore.swift in Sources */,
				C2D3E5521A680F5B00A75B9A /* IosDailyWarningStore.swift in Sources */,
				C2D3E5621A680F5B00A75B9A /* IosShieldStore.swift in Sources */,
				C2D3E5721A680F5B00A75B9A /* KeeptMonitoringScheduler.swift in Sources */,
				C2D3E5821A680F5B00A75B9A /* KeeptMonitorActions.swift in Sources */,
				B1C2D3E461A680F5B00A75B9A /* SelectedAppsPayloadBuilder.swift in Sources */,
				B1C2D3E481A680F5B00A75B9A /* KeeptFamilyActivityPickerPresenter.swift in Sources */,
				B1C2D3E4A1A680F5B00A75B9A /* KeeptNotificationAuthorization.swift in Sources */,
				B1C2D3E4C1A680F5B00A75B9A /* KeeptScreenTimeBridge.swift in Sources */,
				D2E3F5411A680F5B00A75B9A /* IosDailyUsageStore.swift in Sources */,
				D2E3F5511A680F5B00A75B9A /* KeeptUsageReader.swift in Sources */,
				D2E3F5611A680F5B00A75B9A /* KeeptUsageReportContext.swift in Sources */,
				D2E3F5711A680F5B00A75B9A /* KeeptUsageReportCollector.swift in Sources */,
			);
			runOnlyForDeploymentPostprocessing = 0;
		};
		A1B2C3D421A680F5B00A75B9A /* Sources */ = {
			isa = PBXSourcesBuildPhase;
			buildActionMask = 2147483647;
			files = (
				A1B2C3D491A680F5B00A75B9A /* DeviceActivityMonitorExtension.swift in Sources */,
				A1B2C3D4D1A680F5B00A75B9A /* KeeptAppGroup.swift in Sources */,
				A1B2C3D501A680F5B00A75B9A /* IosTrackingSnapshot.swift in Sources */,
				C2D3E5A21A680F5B00A75B9A /* KeeptMonitoringNames.swift in Sources */,
				C2D3E5B21A680F5B00A75B9A /* IosTokenCatalog.swift in Sources */,
				C2D3E5C21A680F5B00A75B9A /* IosFamilyActivitySelectionStore.swift in Sources */,
				C2D3E5D21A680F5B00A75B9A /* KeeptMonitoringStateStore.swift in Sources */,
				C2D3E5E21A680F5B00A75B9A /* IosTrackingSnoozeStore.swift in Sources */,
				C2D3E5F21A680F5B00A75B9A /* IosDailyWarningStore.swift in Sources */,
				C2D3E6021A680F5B00A75B9A /* IosShieldStore.swift in Sources */,
				C2D3E6121A680F5B00A75B9A /* KeeptMonitoringScheduler.swift in Sources */,
				C2D3E6221A680F5B00A75B9A /* KeeptMonitorActions.swift in Sources */,
				D2E3F5811A680F5B00A75B9A /* IosDailyUsageStore.swift in Sources */,
			);
			runOnlyForDeploymentPostprocessing = 0;
		};
		D2E3F4211A680F5B00A75B9A /* Sources */ = {
			isa = PBXSourcesBuildPhase;
			buildActionMask = 2147483647;
			files = (
				D2E3F5911A680F5B00A75B9A /* KeeptReportExtension.swift in Sources */,
				D2E3F5A11A680F5B00A75B9A /* TrackedAppsReport.swift in Sources */,
				D2E3F5B11A680F5B00A75B9A /* TrackedAppsReportView.swift in Sources */,
				D2E3F5C11A680F5B00A75B9A /* IosDailyUsageStore.swift in Sources */,
				D2E3F5D11A680F5B00A75B9A /* KeeptUsageReportContext.swift in Sources */,
				D2E3F5E11A680F5B00A75B9A /* IosTokenCatalog.swift in Sources */,
				D2E3F5F11A680F5B00A75B9A /* IosFamilyActivitySelectionStore.swift in Sources */,
				D2E3F6011A680F5B00A75B9A /* KeeptAppGroup.swift in Sources */,
			);
			runOnlyForDeploymentPostprocessing = 0;
		};
/* End PBXSourcesBuildPhase section */

/* Begin PBXTargetDependency section */
		A1B2C3D551A680F5B00A75B9A /* PBXTargetDependency */ = {
			isa = PBXTargetDependency;
			target = A1B2C3D411A680F5B00A75B9A /* KeeptMonitor */;
			targetProxy = A1B2C3D561A680F5B00A75B9A /* PBXContainerItemProxy */;
		};
		D2E3F4F11A680F5B00A75B9A /* PBXTargetDependency */ = {
			isa = PBXTargetDependency;
			target = D2E3F4111A680F5B00A75B9A /* KeeptReport */;
			targetProxy = D2E3F4E11A680F5B00A75B9A /* PBXContainerItemProxy */;
		};
/* End PBXTargetDependency section */

/* Begin XCBuildConfiguration section */
		13B07F941A680F5B00A75B9A /* Debug */ = {
			isa = XCBuildConfiguration;
			baseConfigurationReference = 3B4392A12AC88292D35C810B /* Pods-FocusGuard.debug.xcconfig */;
			buildSettings = {
				ASSETCATALOG_COMPILER_APPICON_NAME = AppIcon;
				CLANG_ENABLE_MODULES = YES;
				CODE_SIGN_ENTITLEMENTS = FocusGuard/FocusGuard.entitlements;
				CURRENT_PROJECT_VERSION = 1;
				DEVELOPMENT_TEAM = 82G74Q7LRB;
				ENABLE_BITCODE = NO;
				INFOPLIST_FILE = FocusGuard/Info.plist;
				INFOPLIST_KEY_CFBundleDisplayName = Keept;
				INFOPLIST_KEY_LSApplicationCategoryType = "public.app-category.utilities";
				IPHONEOS_DEPLOYMENT_TARGET = 16.0;
				LD_RUNPATH_SEARCH_PATHS = (
					"$(inherited)",
					"@executable_path/Frameworks",
				);
				MARKETING_VERSION = 1.0.0;
				OTHER_LDFLAGS = (
					"$(inherited)",
					"-ObjC",
					"-lc++",
				);
				PRODUCT_BUNDLE_IDENTIFIER = com.keept;
				PRODUCT_NAME = FocusGuard;
				SUPPORTED_PLATFORMS = "iphoneos iphonesimulator";
				SWIFT_OPTIMIZATION_LEVEL = "-Onone";
				SWIFT_VERSION = 5.0;
				TARGETED_DEVICE_FAMILY = "1,2";
				VERSIONING_SYSTEM = "apple-generic";
			};
			name = Debug;
		};
		13B07F951A680F5B00A75B9A /* Release */ = {
			isa = XCBuildConfiguration;
			baseConfigurationReference = 5709B34CF0A7D63546082F79 /* Pods-FocusGuard.release.xcconfig */;
			buildSettings = {
				ASSETCATALOG_COMPILER_APPICON_NAME = AppIcon;
				CLANG_ENABLE_MODULES = YES;
				CODE_SIGN_ENTITLEMENTS = FocusGuard/FocusGuard.entitlements;
				CURRENT_PROJECT_VERSION = 1;
				DEVELOPMENT_TEAM = 82G74Q7LRB;
				INFOPLIST_FILE = FocusGuard/Info.plist;
				INFOPLIST_KEY_CFBundleDisplayName = Keept;
				INFOPLIST_KEY_LSApplicationCategoryType = "public.app-category.utilities";
				IPHONEOS_DEPLOYMENT_TARGET = 16.0;
				LD_RUNPATH_SEARCH_PATHS = (
					"$(inherited)",
					"@executable_path/Frameworks",
				);
				MARKETING_VERSION = 1.0.0;
				OTHER_LDFLAGS = (
					"$(inherited)",
					"-ObjC",
					"-lc++",
				);
				PRODUCT_BUNDLE_IDENTIFIER = com.keept;
				PRODUCT_NAME = FocusGuard;
				SUPPORTED_PLATFORMS = "iphoneos iphonesimulator";
				SWIFT_VERSION = 5.0;
				TARGETED_DEVICE_FAMILY = "1,2";
				VERSIONING_SYSTEM = "apple-generic";
			};
			name = Release;
		};
		83CBBA201A601CBA00E9B192 /* Debug */ = {
			isa = XCBuildConfiguration;
			buildSettings = {
				ALWAYS_SEARCH_USER_PATHS = NO;
				CLANG_ANALYZER_LOCALIZABILITY_NONLOCALIZED = YES;
				CLANG_CXX_LANGUAGE_STANDARD = "c++20";
				CLANG_CXX_LIBRARY = "libc++";
				CLANG_ENABLE_MODULES = YES;
				CLANG_ENABLE_OBJC_ARC = YES;
				CLANG_WARN_BLOCK_CAPTURE_AUTORELEASING = YES;
				CLANG_WARN_BOOL_CONVERSION = YES;
				CLANG_WARN_COMMA = YES;
				CLANG_WARN_CONSTANT_CONVERSION = YES;
				CLANG_WARN_DEPRECATED_OBJC_IMPLEMENTATIONS = YES;
				CLANG_WARN_DIRECT_OBJC_ISA_USAGE = YES_ERROR;
				CLANG_WARN_EMPTY_BODY = YES;
				CLANG_WARN_ENUM_CONVERSION = YES;
				CLANG_WARN_INFINITE_RECURSION = YES;
				CLANG_WARN_INT_CONVERSION = YES;
				CLANG_WARN_NON_LITERAL_NULL_CONVERSION = YES;
				CLANG_WARN_OBJC_IMPLICIT_RETAIN_SELF = YES;
				CLANG_WARN_OBJC_LITERAL_CONVERSION = YES;
				CLANG_WARN_OBJC_ROOT_CLASS = YES_ERROR;
				CLANG_WARN_QUOTED_INCLUDE_IN_FRAMEWORK_HEADER = YES;
				CLANG_WARN_RANGE_LOOP_ANALYSIS = YES;
				CLANG_WARN_STRICT_PROTOTYPES = YES;
				CLANG_WARN_SUSPICIOUS_MOVE = YES;
				CLANG_WARN_UNREACHABLE_CODE = YES;
				CLANG_WARN__DUPLICATE_METHOD_MATCH = YES;
				"CODE_SIGN_IDENTITY[sdk=iphoneos*]" = "iPhone Developer";
				COPY_PHASE_STRIP = NO;
				ENABLE_STRICT_OBJC_MSGSEND = YES;
				ENABLE_TESTABILITY = YES;
				"EXCLUDED_ARCHS[sdk=iphonesimulator*]" = "";
				GCC_C_LANGUAGE_STANDARD = gnu99;
				GCC_DYNAMIC_NO_PIC = NO;
				GCC_NO_COMMON_BLOCKS = YES;
				GCC_OPTIMIZATION_LEVEL = 0;
				GCC_PREPROCESSOR_DEFINITIONS = (
					"DEBUG=1",
					"$(inherited)",
				);
				GCC_SYMBOLS_PRIVATE_EXTERN = NO;
				GCC_WARN_64_TO_32_BIT_CONVERSION = YES;
				GCC_WARN_ABOUT_RETURN_TYPE = YES_ERROR;
				GCC_WARN_UNDECLARED_SELECTOR = YES;
				GCC_WARN_UNINITIALIZED_AUTOS = YES_AGGRESSIVE;
				GCC_WARN_UNUSED_FUNCTION = YES;
				GCC_WARN_UNUSED_VARIABLE = YES;
				HEADER_SEARCH_PATHS = (
					"$(inherited)",
					"${PODS_ROOT}/ReactCommon",
					"${PODS_ROOT}/ReactCommon/react/nativemodule/core",
					"${PODS_ROOT}/React-runtimeexecutor",
					"${PODS_ROOT}/React-runtimeexecutor/platform/ios",
					"${PODS_ROOT}/ReactCommon-Samples",
					"${PODS_ROOT}/ReactCommon-Samples/platform/ios",
					"${PODS_ROOT}/React-Fabric/react/renderer/components/view/platform/cxx",
					"${PODS_ROOT}/React-NativeModulesApple",
					"${PODS_ROOT}/React-graphics",
					"${PODS_ROOT}/React-graphics/react/renderer/graphics/platform/ios",
					"${PODS_ROOT}/React-featureflags",
					"${PODS_ROOT}/React-renderercss",
				);
				IPHONEOS_DEPLOYMENT_TARGET = 16.0;
				LD_RUNPATH_SEARCH_PATHS = (
					/usr/lib/swift,
					"$(inherited)",
				);
				LIBRARY_SEARCH_PATHS = (
					"\"$(SDKROOT)/usr/lib/swift\"",
					"\"$(TOOLCHAIN_DIR)/usr/lib/swift/$(PLATFORM_NAME)\"",
					"\"$(inherited)\"",
				);
				MTL_ENABLE_DEBUG_INFO = YES;
				ONLY_ACTIVE_ARCH = YES;
				OTHER_CFLAGS = (
					"$(inherited)",
					"-DRCT_REMOVE_LEGACY_ARCH=1",
				);
				OTHER_CPLUSPLUSFLAGS = (
					"$(OTHER_CFLAGS)",
					"-DFOLLY_NO_CONFIG",
					"-DFOLLY_MOBILE=1",
					"-DFOLLY_USE_LIBCPP=1",
					"-DFOLLY_CFG_NO_COROUTINES=1",
					"-DFOLLY_HAVE_CLOCK_GETTIME=1",
					"-DRCT_REMOVE_LEGACY_ARCH=1",
				);
				PODFILE_DIR = "$(SRCROOT)";
				REACT_NATIVE_PATH = "${PODS_ROOT}/../../node_modules/react-native";
				SDKROOT = iphoneos;
				SWIFT_ACTIVE_COMPILATION_CONDITIONS = "$(inherited) DEBUG";
				SWIFT_ENABLE_EXPLICIT_MODULES = NO;
				USE_HERMES = true;
			};
			name = Debug;
		};
		83CBBA211A601CBA00E9B192 /* Release */ = {
			isa = XCBuildConfiguration;
			buildSettings = {
				ALWAYS_SEARCH_USER_PATHS = NO;
				CLANG_ANALYZER_LOCALIZABILITY_NONLOCALIZED = YES;
				CLANG_CXX_LANGUAGE_STANDARD = "c++20";
				CLANG_CXX_LIBRARY = "libc++";
				CLANG_ENABLE_MODULES = YES;
				CLANG_ENABLE_OBJC_ARC = YES;
				CLANG_WARN_BLOCK_CAPTURE_AUTORELEASING = YES;
				CLANG_WARN_BOOL_CONVERSION = YES;
				CLANG_WARN_COMMA = YES;
				CLANG_WARN_CONSTANT_CONVERSION = YES;
				CLANG_WARN_DEPRECATED_OBJC_IMPLEMENTATIONS = YES;
				CLANG_WARN_DIRECT_OBJC_ISA_USAGE = YES_ERROR;
				CLANG_WARN_EMPTY_BODY = YES;
				CLANG_WARN_ENUM_CONVERSION = YES;
				CLANG_WARN_INFINITE_RECURSION = YES;
				CLANG_WARN_INT_CONVERSION = YES;
				CLANG_WARN_NON_LITERAL_NULL_CONVERSION = YES;
				CLANG_WARN_OBJC_IMPLICIT_RETAIN_SELF = YES;
				CLANG_WARN_OBJC_LITERAL_CONVERSION = YES;
				CLANG_WARN_OBJC_ROOT_CLASS = YES_ERROR;
				CLANG_WARN_QUOTED_INCLUDE_IN_FRAMEWORK_HEADER = YES;
				CLANG_WARN_RANGE_LOOP_ANALYSIS = YES;
				CLANG_WARN_STRICT_PROTOTYPES = YES;
				CLANG_WARN_SUSPICIOUS_MOVE = YES;
				CLANG_WARN_UNREACHABLE_CODE = YES;
				CLANG_WARN__DUPLICATE_METHOD_MATCH = YES;
				"CODE_SIGN_IDENTITY[sdk=iphoneos*]" = "iPhone Developer";
				COPY_PHASE_STRIP = YES;
				ENABLE_NS_ASSERTIONS = NO;
				ENABLE_STRICT_OBJC_MSGSEND = YES;
				"EXCLUDED_ARCHS[sdk=iphonesimulator*]" = "";
				GCC_C_LANGUAGE_STANDARD = gnu99;
				GCC_NO_COMMON_BLOCKS = YES;
				GCC_WARN_64_TO_32_BIT_CONVERSION = YES;
				GCC_WARN_ABOUT_RETURN_TYPE = YES_ERROR;
				GCC_WARN_UNDECLARED_SELECTOR = YES;
				GCC_WARN_UNINITIALIZED_AUTOS = YES_AGGRESSIVE;
				GCC_WARN_UNUSED_FUNCTION = YES;
				GCC_WARN_UNUSED_VARIABLE = YES;
				HEADER_SEARCH_PATHS = (
					"$(inherited)",
					"${PODS_ROOT}/ReactCommon",
					"${PODS_ROOT}/ReactCommon/react/nativemodule/core",
					"${PODS_ROOT}/React-runtimeexecutor",
					"${PODS_ROOT}/React-runtimeexecutor/platform/ios",
					"${PODS_ROOT}/ReactCommon-Samples",
					"${PODS_ROOT}/ReactCommon-Samples/platform/ios",
					"${PODS_ROOT}/React-Fabric/react/renderer/components/view/platform/cxx",
					"${PODS_ROOT}/React-NativeModulesApple",
					"${PODS_ROOT}/React-graphics",
					"${PODS_ROOT}/React-graphics/react/renderer/graphics/platform/ios",
					"${PODS_ROOT}/React-featureflags",
					"${PODS_ROOT}/React-renderercss",
				);
				IPHONEOS_DEPLOYMENT_TARGET = 16.0;
				LD_RUNPATH_SEARCH_PATHS = (
					/usr/lib/swift,
					"$(inherited)",
				);
				LIBRARY_SEARCH_PATHS = (
					"\"$(SDKROOT)/usr/lib/swift\"",
					"\"$(TOOLCHAIN_DIR)/usr/lib/swift/$(PLATFORM_NAME)\"",
					"\"$(inherited)\"",
				);
				MTL_ENABLE_DEBUG_INFO = NO;
				OTHER_CFLAGS = (
					"$(inherited)",
					"-DRCT_REMOVE_LEGACY_ARCH=1",
				);
				OTHER_CPLUSPLUSFLAGS = (
					"$(OTHER_CFLAGS)",
					"-DFOLLY_NO_CONFIG",
					"-DFOLLY_MOBILE=1",
					"-DFOLLY_USE_LIBCPP=1",
					"-DFOLLY_CFG_NO_COROUTINES=1",
					"-DFOLLY_HAVE_CLOCK_GETTIME=1",
					"-DRCT_REMOVE_LEGACY_ARCH=1",
				);
				PODFILE_DIR = "$(SRCROOT)";
				REACT_NATIVE_PATH = "${PODS_ROOT}/../../node_modules/react-native";
				SDKROOT = iphoneos;
				SWIFT_ENABLE_EXPLICIT_MODULES = NO;
				USE_HERMES = true;
				VALIDATE_PRODUCT = YES;
			};
			name = Release;
		};
		A1B2C3D461A680F5B00A75B9A /* Debug */ = {
			isa = XCBuildConfiguration;
			buildSettings = {
				CLANG_ENABLE_MODULES = YES;
				CODE_SIGN_ENTITLEMENTS = KeeptMonitor/KeeptMonitor.entitlements;
				CURRENT_PROJECT_VERSION = 1;
				DEVELOPMENT_TEAM = 82G74Q7LRB;
				GENERATE_INFOPLIST_FILE = NO;
				INFOPLIST_FILE = KeeptMonitor/Info.plist;
				IPHONEOS_DEPLOYMENT_TARGET = 16.0;
				LD_RUNPATH_SEARCH_PATHS = (
					"$(inherited)",
					"@executable_path/Frameworks",
					"@executable_path/../../Frameworks",
				);
				MARKETING_VERSION = 1.0.0;
				PRODUCT_BUNDLE_IDENTIFIER = com.keept.monitor;
				PRODUCT_NAME = "$(TARGET_NAME)";
				SKIP_INSTALL = YES;
				SUPPORTED_PLATFORMS = "iphoneos iphonesimulator";
				SWIFT_EMIT_LOC_STRINGS = NO;
				SWIFT_VERSION = 5.0;
				TARGETED_DEVICE_FAMILY = "1,2";
			};
			name = Debug;
		};
		A1B2C3D471A680F5B00A75B9A /* Release */ = {
			isa = XCBuildConfiguration;
			buildSettings = {
				CLANG_ENABLE_MODULES = YES;
				CODE_SIGN_ENTITLEMENTS = KeeptMonitor/KeeptMonitor.entitlements;
				CURRENT_PROJECT_VERSION = 1;
				DEVELOPMENT_TEAM = 82G74Q7LRB;
				GENERATE_INFOPLIST_FILE = NO;
				INFOPLIST_FILE = KeeptMonitor/Info.plist;
				IPHONEOS_DEPLOYMENT_TARGET = 16.0;
				LD_RUNPATH_SEARCH_PATHS = (
					"$(inherited)",
					"@executable_path/Frameworks",
					"@executable_path/../../Frameworks",
				);
				MARKETING_VERSION = 1.0.0;
				PRODUCT_BUNDLE_IDENTIFIER = com.keept.monitor;
				PRODUCT_NAME = "$(TARGET_NAME)";
				SKIP_INSTALL = YES;
				SUPPORTED_PLATFORMS = "iphoneos iphonesimulator";
				SWIFT_EMIT_LOC_STRINGS = NO;
				SWIFT_VERSION = 5.0;
				TARGETED_DEVICE_FAMILY = "1,2";
			};
			name = Release;
		};
		D2E3F4611A680F5B00A75B9A /* Debug */ = {
			isa = XCBuildConfiguration;
			buildSettings = {
				CLANG_ENABLE_MODULES = YES;
				CODE_SIGN_ENTITLEMENTS = KeeptReport/KeeptReport.entitlements;
				CURRENT_PROJECT_VERSION = 1;
				DEVELOPMENT_TEAM = 82G74Q7LRB;
				GENERATE_INFOPLIST_FILE = NO;
				INFOPLIST_FILE = KeeptReport/Info.plist;
				IPHONEOS_DEPLOYMENT_TARGET = 16.0;
				LD_RUNPATH_SEARCH_PATHS = (
					"$(inherited)",
					"@executable_path/Frameworks",
					"@executable_path/../../Frameworks",
				);
				MARKETING_VERSION = 1.0.0;
				PRODUCT_BUNDLE_IDENTIFIER = com.keept.report;
				PRODUCT_NAME = "$(TARGET_NAME)";
				SKIP_INSTALL = YES;
				SUPPORTED_PLATFORMS = "iphoneos iphonesimulator";
				SWIFT_EMIT_LOC_STRINGS = NO;
				SWIFT_VERSION = 5.0;
				TARGETED_DEVICE_FAMILY = "1,2";
			};
			name = Debug;
		};
		D2E3F4711A680F5B00A75B9A /* Release */ = {
			isa = XCBuildConfiguration;
			buildSettings = {
				CLANG_ENABLE_MODULES = YES;
				CODE_SIGN_ENTITLEMENTS = KeeptReport/KeeptReport.entitlements;
				CURRENT_PROJECT_VERSION = 1;
				DEVELOPMENT_TEAM = 82G74Q7LRB;
				GENERATE_INFOPLIST_FILE = NO;
				INFOPLIST_FILE = KeeptReport/Info.plist;
				IPHONEOS_DEPLOYMENT_TARGET = 16.0;
				LD_RUNPATH_SEARCH_PATHS = (
					"$(inherited)",
					"@executable_path/Frameworks",
					"@executable_path/../../Frameworks",
				);
				MARKETING_VERSION = 1.0.0;
				PRODUCT_BUNDLE_IDENTIFIER = com.keept.report;
				PRODUCT_NAME = "$(TARGET_NAME)";
				SKIP_INSTALL = YES;
				SUPPORTED_PLATFORMS = "iphoneos iphonesimulator";
				SWIFT_EMIT_LOC_STRINGS = NO;
				SWIFT_VERSION = 5.0;
				TARGETED_DEVICE_FAMILY = "1,2";
			};
			name = Release;
		};
/* End XCBuildConfiguration section */

/* Begin XCConfigurationList section */
		13B07F931A680F5B00A75B9A /* Build configuration list for PBXNativeTarget "FocusGuard" */ = {
			isa = XCConfigurationList;
			buildConfigurations = (
				13B07F941A680F5B00A75B9A /* Debug */,
				13B07F951A680F5B00A75B9A /* Release */,
			);
			defaultConfigurationIsVisible = 0;
			defaultConfigurationName = Release;
		};
		83CBB9FA1A601CBA00E9B192 /* Build configuration list for PBXProject "FocusGuard" */ = {
			isa = XCConfigurationList;
			buildConfigurations = (
				83CBBA201A601CBA00E9B192 /* Debug */,
				83CBBA211A601CBA00E9B192 /* Release */,
			);
			defaultConfigurationIsVisible = 0;
			defaultConfigurationName = Release;
		};
		A1B2C3D451A680F5B00A75B9A /* Build configuration list for PBXNativeTarget "KeeptMonitor" */ = {
			isa = XCConfigurationList;
			buildConfigurations = (
				A1B2C3D461A680F5B00A75B9A /* Debug */,
				A1B2C3D471A680F5B00A75B9A /* Release */,
			);
			defaultConfigurationIsVisible = 0;
			defaultConfigurationName = Release;
		};
		D2E3F4511A680F5B00A75B9A /* Build configuration list for PBXNativeTarget "KeeptReport" */ = {
			isa = XCConfigurationList;
			buildConfigurations = (
				D2E3F4611A680F5B00A75B9A /* Debug */,
				D2E3F4711A680F5B00A75B9A /* Release */,
			);
			defaultConfigurationIsVisible = 0;
			defaultConfigurationName = Release;
		};
/* End XCConfigurationList section */
	};
	rootObject = 83CBB9F71A601CBA00E9B192 /* Project object */;
}
